
Microsoft Visual Studio Solution File, Format Version 12.00
# Visual Studio Version 17
VisualStudioVersion = 17.14.36414.22 d17.14
MinimumVisualStudioVersion = 10.0.40219.1
Project("{FAE04EC0-301F-11D3-BF4B-00C04F79EFBC}") = "ARAS.API", "ARAS.API.csproj", "{5C1B7133-C7F9-4B46-BE5C-4C0B8EFB8D25}"
EndProject
Project("{FAE04EC0-301F-11D3-BF4B-00C04F79EFBC}") = "ARAS.Shared", "..\ARAS.Shared\ARAS.Shared.csproj", "{98CF988E-64E4-4F62-BF8B-7D33F3C731ED}"
EndProject
Project("{FAE04EC0-301F-11D3-BF4B-00C04F79EFBC}") = "ARAS.Blazor", "..\ARAS.Blazor\ARAS.Blazor.csproj", "{CFFC1B32-7A95-432A-9732-016168C08DAC}"
EndProject
Global
	GlobalSection(SolutionConfigurationPlatforms) = preSolution
		Debug|Any CPU = Debug|Any CPU
		Release|Any CPU = Release|Any CPU
	EndGlobalSection
	GlobalSection(ProjectConfigurationPlatforms) = postSolution
		{5C1B7133-C7F9-4B46-BE5C-4C0B8EFB8D25}.Debug|Any CPU.ActiveCfg = Debug|Any CPU
		{5C1B7133-C7F9-4B46-BE5C-4C0B8EFB8D25}.Debug|Any CPU.Build.0 = Debug|Any CPU
		{5C1B7133-C7F9-4B46-BE5C-4C0B8EFB8D25}.Release|Any CPU.ActiveCfg = Release|Any CPU
		{5C1B7133-C7F9-4B46-BE5C-4C0B8EFB8D25}.Release|Any CPU.Build.0 = Release|Any CPU
		{98CF988E-64E4-4F62-BF8B-7D33F3C731ED}.Debug|Any CPU.ActiveCfg = Debug|Any CPU
		{98CF988E-64E4-4F62-BF8B-7D33F3C731ED}.Debug|Any CPU.Build.0 = Debug|Any CPU
		{98CF988E-64E4-4F62-BF8B-7D33F3C731ED}.Release|Any CPU.ActiveCfg = Release|Any CPU
		{98CF988E-64E4-4F62-BF8B-7D33F3C731ED}.Release|Any CPU.Build.0 = Release|Any CPU
		{CFFC1B32-7A95-432A-9732-016168C08DAC}.Debug|Any CPU.ActiveCfg = Debug|Any CPU
		{CFFC1B32-7A95-432A-9732-016168C08DAC}.Debug|Any CPU.Build.0 = Debug|Any CPU
		{CFFC1B32-7A95-432A-9732-016168C08DAC}.Release|Any CPU.ActiveCfg = Release|Any CPU
		{CFFC1B32-7A95-432A-9732-016168C08DAC}.Release|Any CPU.Build.0 = Release|Any CPU
	EndGlobalSection
	GlobalSection(SolutionProperties) = preSolution
		HideSolutionNode = FALSE
	EndGlobalSection
	GlobalSection(ExtensibilityGlobals) = postSolution
		SolutionGuid = {58CF69B2-8851-4333-85B0-E15ABD6A70E2}
	EndGlobalSection
EndGlobal
